
Microsoft Visual Studio Solution File, Format Version 12.00
# Visual Studio Version 16
VisualStudioVersion = 16.0.30804.86
MinimumVisualStudioVersion = 10.0.40219.1
Project("{FAE04EC0-301F-11D3-BF4B-00C04F79EFBC}") = "Recording", "Recording\Recording.csproj", "{31C976C2-298D-4261-A30D-1F6307F8A1EF}"
EndProject
Global
	GlobalSection(SolutionConfigurationPlatforms) = preSolution
		Debug|Any CPU = Debug|Any CPU
		Release|Any CPU = Release|Any CPU
	EndGlobalSection
	GlobalSection(ProjectConfigurationPlatforms) = postSolution
		{31C976C2-298D-4261-A30D-1F6307F8A1EF}.Debug|Any CPU.ActiveCfg = Debug|Any CPU
		{31C976C2-298D-4261-A30D-1F6307F8A1EF}.Debug|Any CPU.Build.0 = Debug|Any CPU
		{31C976C2-298D-4261-A30D-1F6307F8A1EF}.Release|Any CPU.ActiveCfg = Release|Any CPU
		{31C976C2-298D-4261-A30D-1F6307F8A1EF}.Release|Any CPU.Build.0 = Release|Any CPU
	EndGlobalSection
	GlobalSection(SolutionProperties) = preSolution
		HideSolutionNode = FALSE
	EndGlobalSection
	GlobalSection(ExtensibilityGlobals) = postSolution
		SolutionGuid = {4098B046-C1D2-458A-B435-B736432CBAAC}
	EndGlobalSection
EndGlobal
